
Microsoft Visual Studio Solution File, Format Version 12.00
# Visual Studio Version 17
VisualStudioVersion = 17.1.32328.378
MinimumVisualStudioVersion = 10.0.40219.1
Project("{9A19103F-16F7-4668-BE54-9A1E7A4F7556}") = "Valor", "Valor.csproj", "{BE8AA5DA-9746-4C65-8DC7-1F5F30E52AC9}"
EndProject
Project("{FAE04EC0-301F-11D3-BF4B-00C04F79EFBC}") = "ValorTester", "..\ValorTester\ValorTester.csproj", "{0883C393-7A8B-48AA-8DC5-009BF54DC540}"
EndProject
Global
	GlobalSection(SolutionConfigurationPlatforms) = preSolution
		Debug|Any CPU = Debug|Any CPU
		Release|Any CPU = Release|Any CPU
	EndGlobalSection
	GlobalSection(ProjectConfigurationPlatforms) = postSolution
		{BE8AA5DA-9746-4C65-8DC7-1F5F30E52AC9}.Debug|Any CPU.ActiveCfg = Debug|Any CPU
		{BE8AA5DA-9746-4C65-8DC7-1F5F30E52AC9}.Debug|Any CPU.Build.0 = Debug|Any CPU
		{BE8AA5DA-9746-4C65-8DC7-1F5F30E52AC9}.Release|Any CPU.ActiveCfg = Release|Any CPU
		{BE8AA5DA-9746-4C65-8DC7-1F5F30E52AC9}.Release|Any CPU.Build.0 = Release|Any CPU
		{0883C393-7A8B-48AA-8DC5-009BF54DC540}.Debug|Any CPU.ActiveCfg = Debug|Any CPU
		{0883C393-7A8B-48AA-8DC5-009BF54DC540}.Debug|Any CPU.Build.0 = Debug|Any CPU
		{0883C393-7A8B-48AA-8DC5-009BF54DC540}.Release|Any CPU.ActiveCfg = Release|Any CPU
		{0883C393-7A8B-48AA-8DC5-009BF54DC540}.Release|Any CPU.Build.0 = Release|Any CPU
	EndGlobalSection
	GlobalSection(SolutionProperties) = preSolution
		HideSolutionNode = FALSE
	EndGlobalSection
	GlobalSection(ExtensibilityGlobals) = postSolution
		SolutionGuid = {3EE86DC7-0095-46AA-94BB-51DD0FF6AE14}
	EndGlobalSection
EndGlobal
